# THIS IS AN AUTOGENERATED FILE. DO NOT EDIT THIS FILE DIRECTLY.
# yarn lockfile v1


"@discordjs/builders@^0.11.0":
  version "0.11.0"
  resolved "https://registry.npmjs.org/@discordjs/builders/-/builders-0.11.0.tgz"
  dependencies:
    "@sindresorhus/is" "^4.2.0"
    discord-api-types "^0.26.0"
    ts-mixer "^6.0.0"
    tslib "^2.3.1"
    zod "^3.11.6"

"@discordjs/collection@^0.4.0":
  version "0.4.0"
  resolved "https://registry.npmjs.org/@discordjs/collection/-/collection-0.4.0.tgz"

"@discordjs/voice@^0.8.0":
  version "0.8.0"
  resolved "https://registry.npmjs.org/@discordjs/voice/-/voice-0.8.0.tgz"
  dependencies:
    "@types/ws" "^8.2.0"
    discord-api-types "^0.26.1"
    prism-media "^1.3.2"
    tiny-typed-emitter "^2.1.0"
    tslib "^2.3.1"
    ws "^8.4.2"

"@sapphire/async-queue@^1.1.9":
  version "1.1.9"
  resolved "https://registry.npmjs.org/@sapphire/async-queue/-/async-queue-1.1.9.tgz"

"@sindresorhus/is@^4.2.0":
  version "4.3.0"
  resolved "https://registry.npmjs.org/@sindresorhus/is/-/is-4.3.0.tgz"

"@types/glob@*":
  version "7.2.0"
  resolved "https://registry.npmjs.org/@types/glob/-/glob-7.2.0.tgz"
  dependencies:
    "@types/minimatch" "*"
    "@types/node" "*"

"@types/minimatch@*":
  version "3.0.5"
  resolved "https://registry.npmjs.org/@types/minimatch/-/minimatch-3.0.5.tgz"

"@types/node-fetch@^2.5.12":
  version "2.5.12"
  resolved "https://registry.npmjs.org/@types/node-fetch/-/node-fetch-2.5.12.tgz"
  dependencies:
    "@types/node" "*"
    form-data "^3.0.0"

"@types/node@*":
  version "16.11.6"
  resolved "https://registry.npmjs.org/@types/node/-/node-16.11.6.tgz"

"@types/shelljs@^0.8.11":
  version "0.8.11"
  resolved "https://registry.npmjs.org/@types/shelljs/-/shelljs-0.8.11.tgz"
  dependencies:
    "@types/glob" "*"
    "@types/node" "*"

"@types/ws@^8.2.0", "@types/ws@^8.2.2":
  version "8.2.2"
  resolved "https://registry.npmjs.org/@types/ws/-/ws-8.2.2.tgz"
  dependencies:
    "@types/node" "*"

asynckit@^0.4.0:
  version "0.4.0"
  resolved "https://registry.npmjs.org/asynckit/-/asynckit-0.4.0.tgz"

axios@*:
  version "0.24.0"
  resolved "https://registry.npmjs.org/axios/-/axios-0.24.0.tgz"
  dependencies:
    follow-redirects "^1.14.4"

balanced-match@^1.0.0:
  version "1.0.2"
  resolved "https://registry.npmjs.org/balanced-match/-/balanced-match-1.0.2.tgz"

brace-expansion@^1.1.7:
  version "1.1.11"
  resolved "https://registry.npmjs.org/brace-expansion/-/brace-expansion-1.1.11.tgz"
  dependencies:
    balanced-match "^1.0.0"
    concat-map "0.0.1"

call-bind@^1.0.0:
  version "1.0.2"
  resolved "https://registry.npmjs.org/call-bind/-/call-bind-1.0.2.tgz"
  dependencies:
    function-bind "^1.1.1"
    get-intrinsic "^1.0.2"

combined-stream@^1.0.8:
  version "1.0.8"
  resolved "https://registry.npmjs.org/combined-stream/-/combined-stream-1.0.8.tgz"
  dependencies:
    delayed-stream "~1.0.0"

component-emitter@^1.3.0:
  version "1.3.0"
  resolved "https://registry.npmjs.org/component-emitter/-/component-emitter-1.3.0.tgz"

concat-map@0.0.1:
  version "0.0.1"
  resolved "https://registry.npmjs.org/concat-map/-/concat-map-0.0.1.tgz"

cookiejar@^2.1.2:
  version "2.1.3"
  resolved "https://registry.npmjs.org/cookiejar/-/cookiejar-2.1.3.tgz"

debug@^4.1.1:
  version "4.3.2"
  resolved "https://registry.npmjs.org/debug/-/debug-4.3.2.tgz"
  dependencies:
    ms "2.1.2"

delayed-stream@~1.0.0:
  version "1.0.0"
  resolved "https://registry.npmjs.org/delayed-stream/-/delayed-stream-1.0.0.tgz"

discord-api-types@^0.26.0, discord-api-types@^0.26.1:
  version "0.26.1"
  resolved "https://registry.npmjs.org/discord-api-types/-/discord-api-types-0.26.1.tgz"

discord.js@^13.6.0:
  version "13.6.0"
  resolved "https://registry.npmjs.org/discord.js/-/discord.js-13.6.0.tgz"
  dependencies:
    "@discordjs/builders" "^0.11.0"
    "@discordjs/collection" "^0.4.0"
    "@sapphire/async-queue" "^1.1.9"
    "@types/node-fetch" "^2.5.12"
    "@types/ws" "^8.2.2"
    discord-api-types "^0.26.0"
    form-data "^4.0.0"
    node-fetch "^2.6.1"
    ws "^8.4.0"

dotenv@^14.3.2:
  version "14.3.2"
  resolved "https://registry.npmjs.org/dotenv/-/dotenv-14.3.2.tgz"

emberutils@^1.2.0:
  version "1.2.0"
  resolved "https://registry.npmjs.org/emberutils/-/emberutils-1.2.0.tgz"
  dependencies:
    shelljs "^0.8.5"

fast-safe-stringify@^2.0.7:
  version "2.1.1"
  resolved "https://registry.npmjs.org/fast-safe-stringify/-/fast-safe-stringify-2.1.1.tgz"

follow-redirects@^1.14.4:
  version "1.14.8"
  resolved "https://registry.yarnpkg.com/follow-redirects/-/follow-redirects-1.14.8.tgz#016996fb9a11a100566398b1c6839337d7bfa8fc"

form-data@^3.0.0:
  version "3.0.1"
  resolved "https://registry.npmjs.org/form-data/-/form-data-3.0.1.tgz"
  dependencies:
    asynckit "^0.4.0"
    combined-stream "^1.0.8"
    mime-types "^2.1.12"

form-data@^4.0.0:
  version "4.0.0"
  resolved "https://registry.npmjs.org/form-data/-/form-data-4.0.0.tgz"
  dependencies:
    asynckit "^0.4.0"
    combined-stream "^1.0.8"
    mime-types "^2.1.12"

formidable@^1.2.2:
  version "1.2.2"
  resolved "https://registry.npmjs.org/formidable/-/formidable-1.2.2.tgz"

fs.realpath@^1.0.0:
  version "1.0.0"
  resolved "https://registry.npmjs.org/fs.realpath/-/fs.realpath-1.0.0.tgz"

function-bind@^1.1.1:
  version "1.1.1"
  resolved "https://registry.npmjs.org/function-bind/-/function-bind-1.1.1.tgz"

get-intrinsic@^1.0.2:
  version "1.1.1"
  resolved "https://registry.npmjs.org/get-intrinsic/-/get-intrinsic-1.1.1.tgz"
  dependencies:
    function-bind "^1.1.1"
    has "^1.0.3"
    has-symbols "^1.0.1"

glob@^7.0.0:
  version "7.2.0"
  resolved "https://registry.npmjs.org/glob/-/glob-7.2.0.tgz"
  dependencies:
    fs.realpath "^1.0.0"
    inflight "^1.0.4"
    inherits "2"
    minimatch "^3.0.4"
    once "^1.3.0"
    path-is-absolute "^1.0.0"

has-symbols@^1.0.1:
  version "1.0.2"
  resolved "https://registry.npmjs.org/has-symbols/-/has-symbols-1.0.2.tgz"

has@^1.0.3:
  version "1.0.3"
  resolved "https://registry.npmjs.org/has/-/has-1.0.3.tgz"
  dependencies:
    function-bind "^1.1.1"

inflight@^1.0.4:
  version "1.0.6"
  resolved "https://registry.npmjs.org/inflight/-/inflight-1.0.6.tgz"
  dependencies:
    once "^1.3.0"
    wrappy "1"

inherits@2, inherits@^2.0.3:
  version "2.0.3"
  resolved "https://registry.npmjs.org/inherits/-/inherits-2.0.3.tgz"

interpret@^1.0.0:
  version "1.4.0"
  resolved "https://registry.npmjs.org/interpret/-/interpret-1.4.0.tgz"

is-core-module@^2.2.0:
  version "2.8.0"
  resolved "https://registry.npmjs.org/is-core-module/-/is-core-module-2.8.0.tgz"
  dependencies:
    has "^1.0.3"

lru-cache@^6.0.0:
  version "6.0.0"
  resolved "https://registry.npmjs.org/lru-cache/-/lru-cache-6.0.0.tgz"
  dependencies:
    yallist "^4.0.0"

mcdata@^1.0.9:
  version "1.0.9"
  resolved "https://registry.npmjs.org/mcdata/-/mcdata-1.0.9.tgz"
  dependencies:
    axios "*"

methods@^1.1.2:
  version "1.1.2"
  resolved "https://registry.npmjs.org/methods/-/methods-1.1.2.tgz"

mime-db@1.50.0:
  version "1.50.0"
  resolved "https://registry.npmjs.org/mime-db/-/mime-db-1.50.0.tgz"

mime-types@^2.1.12:
  version "2.1.33"
  resolved "https://registry.npmjs.org/mime-types/-/mime-types-2.1.33.tgz"
  dependencies:
    mime-db "1.50.0"

mime@^2.4.6:
  version "2.5.2"
  resolved "https://registry.npmjs.org/mime/-/mime-2.5.2.tgz"

minimatch@^3.0.4:
  version "3.0.4"
  resolved "https://registry.npmjs.org/minimatch/-/minimatch-3.0.4.tgz"
  dependencies:
    brace-expansion "^1.1.7"

ms@2.1.2:
  version "2.1.2"
  resolved "https://registry.npmjs.org/ms/-/ms-2.1.2.tgz"

node-bin-setup@^1.0.0:
  version "1.1.0"
  resolved "https://registry.npmjs.org/node-bin-setup/-/node-bin-setup-1.1.0.tgz"

node-fetch@^2.6.1, node-fetch@^2.6.7:
  version "2.6.7"
  resolved "https://registry.npmjs.org/node-fetch/-/node-fetch-2.6.7.tgz"
  dependencies:
    whatwg-url "^5.0.0"

node@^17.4.0:
  version "17.4.0"
  resolved "https://registry.npmjs.org/node/-/node-17.4.0.tgz"
  dependencies:
    node-bin-setup "^1.0.0"

object-inspect@^1.9.0:
  version "1.11.0"
  resolved "https://registry.npmjs.org/object-inspect/-/object-inspect-1.11.0.tgz"

once@^1.3.0:
  version "1.4.0"
  resolved "https://registry.npmjs.org/once/-/once-1.4.0.tgz"
  dependencies:
    wrappy "1"

path-is-absolute@^1.0.0:
  version "1.0.1"
  resolved "https://registry.npmjs.org/path-is-absolute/-/path-is-absolute-1.0.1.tgz"

path-parse@^1.0.6:
  version "1.0.7"
  resolved "https://registry.npmjs.org/path-parse/-/path-parse-1.0.7.tgz"

prism-media@^1.3.2:
  version "1.3.2"
  resolved "https://registry.npmjs.org/prism-media/-/prism-media-1.3.2.tgz"

qs@^6.9.4:
  version "6.10.1"
  resolved "https://registry.npmjs.org/qs/-/qs-6.10.1.tgz"
  dependencies:
    side-channel "^1.0.4"

readable-stream@^3.6.0:
  version "3.6.0"
  resolved "https://registry.npmjs.org/readable-stream/-/readable-stream-3.6.0.tgz"
  dependencies:
    inherits "^2.0.3"
    string_decoder "^1.1.1"
    util-deprecate "^1.0.1"

rechoir@^0.6.2:
  version "0.6.2"
  resolved "https://registry.npmjs.org/rechoir/-/rechoir-0.6.2.tgz"
  dependencies:
    resolve "^1.1.6"

resolve@^1.1.6:
  version "1.20.0"
  resolved "https://registry.npmjs.org/resolve/-/resolve-1.20.0.tgz"
  dependencies:
    is-core-module "^2.2.0"
    path-parse "^1.0.6"

safe-buffer@~5.2.0:
  version "5.2.1"
  resolved "https://registry.npmjs.org/safe-buffer/-/safe-buffer-5.2.1.tgz"

semver@^7.3.2:
  version "7.3.5"
  resolved "https://registry.npmjs.org/semver/-/semver-7.3.5.tgz"
  dependencies:
    lru-cache "^6.0.0"

shelljs@^0.8.5:
  version "0.8.5"
  resolved "https://registry.npmjs.org/shelljs/-/shelljs-0.8.5.tgz"
  dependencies:
    glob "^7.0.0"
    interpret "^1.0.0"
    rechoir "^0.6.2"

side-channel@^1.0.4:
  version "1.0.4"
  resolved "https://registry.npmjs.org/side-channel/-/side-channel-1.0.4.tgz"
  dependencies:
    call-bind "^1.0.0"
    get-intrinsic "^1.0.2"
    object-inspect "^1.9.0"

smartestchatbot@^2.0.1:
  version "2.0.1"
  resolved "https://registry.npmjs.org/smartestchatbot/-/smartestchatbot-2.0.1.tgz"
  dependencies:
    superagent "^6.1.0"

string_decoder@^1.1.1:
  version "1.3.0"
  resolved "https://registry.npmjs.org/string_decoder/-/string_decoder-1.3.0.tgz"
  dependencies:
    safe-buffer "~5.2.0"

superagent@^6.1.0:
  version "6.1.0"
  resolved "https://registry.npmjs.org/superagent/-/superagent-6.1.0.tgz"
  dependencies:
    component-emitter "^1.3.0"
    cookiejar "^2.1.2"
    debug "^4.1.1"
    fast-safe-stringify "^2.0.7"
    form-data "^3.0.0"
    formidable "^1.2.2"
    methods "^1.1.2"
    mime "^2.4.6"
    qs "^6.9.4"
    readable-stream "^3.6.0"
    semver "^7.3.2"

tiny-typed-emitter@^2.1.0:
  version "2.1.0"
  resolved "https://registry.npmjs.org/tiny-typed-emitter/-/tiny-typed-emitter-2.1.0.tgz"

tr46@~0.0.3:
  version "0.0.3"
  resolved "https://registry.npmjs.org/tr46/-/tr46-0.0.3.tgz"

ts-mixer@^6.0.0:
  version "6.0.0"
  resolved "https://registry.npmjs.org/ts-mixer/-/ts-mixer-6.0.0.tgz"

tslib@^2.3.1:
  version "2.3.1"
  resolved "https://registry.npmjs.org/tslib/-/tslib-2.3.1.tgz"

typescript@^4.5.5:
  version "4.5.5"
  resolved "https://registry.npmjs.org/typescript/-/typescript-4.5.5.tgz"

util-deprecate@^1.0.1:
  version "1.0.2"
  resolved "https://registry.npmjs.org/util-deprecate/-/util-deprecate-1.0.2.tgz"

webidl-conversions@^3.0.0:
  version "3.0.1"
  resolved "https://registry.npmjs.org/webidl-conversions/-/webidl-conversions-3.0.1.tgz"

whatwg-url@^5.0.0:
  version "5.0.0"
  resolved "https://registry.npmjs.org/whatwg-url/-/whatwg-url-5.0.0.tgz"
  dependencies:
    tr46 "~0.0.3"
    webidl-conversions "^3.0.0"

wrappy@1:
  version "1.0.2"
  resolved "https://registry.npmjs.org/wrappy/-/wrappy-1.0.2.tgz"

ws@^8.4.0, ws@^8.4.2:
  version "8.4.2"
  resolved "https://registry.npmjs.org/ws/-/ws-8.4.2.tgz"

yallist@^4.0.0:
  version "4.0.0"
  resolved "https://registry.npmjs.org/yallist/-/yallist-4.0.0.tgz"

zod@^3.11.6:
  version "3.11.6"
  resolved "https://registry.npmjs.org/zod/-/zod-3.11.6.tgz"
